# This file is automatically @generated by Cargo.
# It is not intended for manual editing.
version = 4

[[package]]
name = "openconstruct-core"
version = "0.1.0"

[[package]]
name = "openconstruct-runtime"
version = "0.1.0"
dependencies = [
 "openconstruct-core",
 "openconstruct-tech-agent",
 "openconstruct-tech-math",
 "openconstruct-tech-sensor",
]

[[package]]
name = "openconstruct-tech-agent"
version = "0.1.0"
dependencies = [
 "openconstruct-core",
 "openconstruct-tech-math",
 "openconstruct-tech-sensor",
]

[[package]]
name = "openconstruct-tech-math"
version = "0.1.0"
dependencies = [
 "openconstruct-core",
]

[[package]]
name = "openconstruct-tech-sensor"
version = "0.1.0"
dependencies = [
 "openconstruct-core",
]
